// !$*UTF8*$!
{
	archiveVersion = 1;
	classes = {
	};
	objectVersion = 55;
	objects = {

/* Begin PBXBuildFile section */
		5C1F953E2884F62A00673975 /* PostViewController.swift in Sources */ = {isa = PBXBuildFile; fileRef = 5C1F953D2884F62A00673975 /* PostViewController.swift */; };
		5C77FAC628847EAD0044A0A1 /* Post.swift in Sources */ = {isa = PBXBuildFile; fileRef = 5C77FAC528847EAD0044A0A1 /* Post.swift */; };
		5C8C2E90287EDC9B00E68583 /* AppDelegate.swift in Sources */ = {isa = PBXBuildFile; fileRef = 5C8C2E8F287EDC9B00E68583 /* AppDelegate.swift */; };
		5C8C2E92287EDC9B00E68583 /* SceneDelegate.swift in Sources */ = {isa = PBXBuildFile; fileRef = 5C8C2E91287EDC9B00E68583 /* SceneDelegate.swift */; };
		5C8C2E94287EDC9B00E68583 /* ViewController.swift in Sources */ = {isa = PBXBuildFile; fileRef = 5C8C2E93287EDC9B00E68583 /* ViewController.swift */; };
		5C8C2E99287EDC9D00E68583 /* Assets.xcassets in Resources */ = {isa = PBXBuildFile; fileRef = 5C8C2E98287EDC9D00E68583 /* Assets.xcassets */; };
		5C8C2E9C287EDC9D00E68583 /* LaunchScreen.storyboard in Resources */ = {isa = PBXBuildFile; fileRef = 5C8C2E9A287EDC9D00E68583 /* LaunchScreen.storyboard */; };
		5C8C2EA7287EDC9E00E68583 /* NavigationTests.swift in Sources */ = {isa = PBXBuildFile; fileRef = 5C8C2EA6287EDC9E00E68583 /* NavigationTests.swift */; };
		5C8C2EB1287EDC9E00E68583 /* NavigationUITests.swift in Sources */ = {isa = PBXBuildFile; fileRef = 5C8C2EB0287EDC9E00E68583 /* NavigationUITests.swift */; };
		5C8C2EB3287EDC9E00E68583 /* NavigationUITestsLaunchTests.swift in Sources */ = {isa = PBXBuildFile; fileRef = 5C8C2EB2287EDC9E00E68583 /* NavigationUITestsLaunchTests.swift */; };
		5CAD042F28832D940061A48B /* FeedViewController.swift in Sources */ = {isa = PBXBuildFile; fileRef = 5CAD042E28832D940061A48B /* FeedViewController.swift */; };
		5CAD043128832DA50061A48B /* ProfileViewController.swift in Sources */ = {isa = PBXBuildFile; fileRef = 5CAD043028832DA50061A48B /* ProfileViewController.swift */; };
/* End PBXBuildFile section */

/* Begin PBXContainerItemProxy section */
		5C8C2EA3287EDC9E00E68583 /* PBXContainerItemProxy */ = {
			isa = PBXContainerItemProxy;
			containerPortal = 5C8C2E84287EDC9B00E68583 /* Project object */;
			proxyType = 1;
			remoteGlobalIDString = 5C8C2E8B287EDC9B00E68583;
			remoteInfo = Navigation;
		};
		5C8C2EAD287EDC9E00E68583 /* PBXContainerItemProxy */ = {
			isa = PBXContainerItemProxy;
			containerPortal = 5C8C2E84287EDC9B00E68583 /* Project object */;
			proxyType = 1;
			remoteGlobalIDString = 5C8C2E8B287EDC9B00E68583;
			remoteInfo = Navigation;
		};
/* End PBXContainerItemProxy section */

/* Begin PBXFileReference section */
		5C1F953D2884F62A00673975 /* PostViewController.swift */ = {isa = PBXFileReference; lastKnownFileType = sourcecode.swift; path = PostViewController.swift; sourceTree = "<group>"; };
		5C77FAC528847EAD0044A0A1 /* Post.swift */ = {isa = PBXFileReference; lastKnownFileType = sourcecode.swift; path = Post.swift; sourceTree = "<group>"; };
		5C8C2E8C287EDC9B00E68583 /* Navigation.app */ = {isa = PBXFileReference; explicitFileType = wrapper.application; includeInIndex = 0; path = Navigation.app; sourceTree = BUILT_PRODUCTS_DIR; };
		5C8C2E8F287EDC9B00E68583 /* AppDelegate.swift */ = {isa = PBXFileReference; lastKnownFileType = sourcecode.swift; path = AppDelegate.swift; sourceTree = "<group>"; };
		5C8C2E91287EDC9B00E68583 /* SceneDelegate.swift */ = {isa = PBXFileReference; lastKnownFileType = sourcecode.swift; path = SceneDelegate.swift; sourceTree = "<group>"; };
		5C8C2E93287EDC9B00E68583 /* ViewController.swift */ = {isa = PBXFileReference; lastKnownFileType = sourcecode.swift; path = ViewController.swift; sourceTree = "<group>"; };
		5C8C2E98287EDC9D00E68583 /* Assets.xcassets */ = {isa = PBXFileReference; lastKnownFileType = folder.assetcatalog; path = Assets.xcassets; sourceTree = "<group>"; };
		5C8C2E9B287EDC9D00E68583 /* Base */ = {isa = PBXFileReference; lastKnownFileType = file.storyboard; name = Base; path = Base.lproj/LaunchScreen.storyboard; sourceTree = "<group>"; };
		5C8C2E9D287EDC9D00E68583 /* Info.plist */ = {isa = PBXFileReference; lastKnownFileType = text.plist.xml; path = Info.plist; sourceTree = "<group>"; };
		5C8C2EA2287EDC9E00E68583 /* NavigationTests.xctest */ = {isa = PBXFileReference; explicitFileType = wrapper.cfbundle; includeInIndex = 0; path = NavigationTests.xctest; sourceTree = BUILT_PRODUCTS_DIR; };
		5C8C2EA6287EDC9E00E68583 /* NavigationTests.swift */ = {isa = PBXFileReference; lastKnownFileType = sourcecode.swift; path = NavigationTests.swift; sourceTree = "<group>"; };
		5C8C2EAC287EDC9E00E68583 /* NavigationUITests.xctest */ = {isa = PBXFileReference; explicitFileType = wrapper.cfbundle; includeInIndex = 0; path = NavigationUITests.xctest; sourceTree = BUILT_PRODUCTS_DIR; };
		5C8C2EB0287EDC9E00E68583 /* NavigationUITests.swift */ = {isa = PBXFileReference; lastKnownFileType = sourcecode.swift; path = NavigationUITests.swift; sourceTree = "<group>"; };
		5C8C2EB2287EDC9E00E68583 /* NavigationUITestsLaunchTests.swift */ = {isa = PBXFileReference; lastKnownFileType = sourcecode.swift; path = NavigationUITestsLaunchTests.swift; sourceTree = "<group>"; };
		5CAD042E28832D940061A48B /* FeedViewController.swift */ = {isa = PBXFileReference; lastKnownFileType = sourcecode.swift; path = FeedViewController.swift; sourceTree = "<group>"; };
		5CAD043028832DA50061A48B /* ProfileViewController.swift */ = {isa = PBXFileReference; lastKnownFileType = sourcecode.swift; path = ProfileViewController.swift; sourceTree = "<group>"; };
/* End PBXFileReference section */

/* Begin PBXFrameworksBuildPhase section */
		5C8C2E89287EDC9B00E68583 /* Frameworks */ = {
			isa = PBXFrameworksBuildPhase;
			buildActionMask = 2147483647;
			files = (
			);
			runOnlyForDeploymentPostprocessing = 0;
		};
		5C8C2E9F287EDC9E00E68583 /* Frameworks */ = {
			isa = PBXFrameworksBuildPhase;
			buildActionMask = 2147483647;
			files = (
			);
			runOnlyForDeploymentPostprocessing = 0;
		};
		5C8C2EA9287EDC9E00E68583 /* Frameworks */ = {
			isa = PBXFrameworksBuildPhase;
			buildActionMask = 2147483647;
			files = (
			);
			runOnlyForDeploymentPostprocessing = 0;
		};
/* End PBXFrameworksBuildPhase section */

/* Begin PBXGroup section */
		5C8C2E83287EDC9B00E68583 = {
			isa = PBXGroup;
			children = (
				5C8C2E8E287EDC9B00E68583 /* Navigation */,
				5C8C2EA5287EDC9E00E68583 /* NavigationTests */,
				5C8C2EAF287EDC9E00E68583 /* NavigationUITests */,
				5C8C2E8D287EDC9B00E68583 /* Products */,
			);
			sourceTree = "<group>";
		};
		5C8C2E8D287EDC9B00E68583 /* Products */ = {
			isa = PBXGroup;
			children = (
				5C8C2E8C287EDC9B00E68583 /* Navigation.app */,
				5C8C2EA2287EDC9E00E68583 /* NavigationTests.xctest */,
				5C8C2EAC287EDC9E00E68583 /* NavigationUITests.xctest */,
			);
			name = Products;
			sourceTree = "<group>";
		};
		5C8C2E8E287EDC9B00E68583 /* Navigation */ = {
			isa = PBXGroup;
			children = (
				5C8C2E8F287EDC9B00E68583 /* AppDelegate.swift */,
				5C8C2E91287EDC9B00E68583 /* SceneDelegate.swift */,
				5C8C2E93287EDC9B00E68583 /* ViewController.swift */,
				5CAD042E28832D940061A48B /* FeedViewController.swift */,
				5C77FAC528847EAD0044A0A1 /* Post.swift */,
				5C1F953D2884F62A00673975 /* PostViewController.swift */,
				5CAD043028832DA50061A48B /* ProfileViewController.swift */,
				5C8C2E98287EDC9D00E68583 /* Assets.xcassets */,
				5C8C2E9A287EDC9D00E68583 /* LaunchScreen.storyboard */,
				5C8C2E9D287EDC9D00E68583 /* Info.plist */,
			);
			path = Navigation;
			sourceTree = "<group>";
		};
		5C8C2EA5287EDC9E00E68583 /* NavigationTests */ = {
			isa = PBXGroup;
			children = (
				5C8C2EA6287EDC9E00E68583 /* NavigationTests.swift */,
			);
			path = NavigationTests;
			sourceTree = "<group>";
		};
		5C8C2EAF287EDC9E00E68583 /* NavigationUITests */ = {
			isa = PBXGroup;
			children = (
				5C8C2EB0287EDC9E00E68583 /* NavigationUITests.swift */,
				5C8C2EB2287EDC9E00E68583 /* NavigationUITestsLaunchTests.swift */,
			);
			path = NavigationUITests;
			sourceTree = "<group>";
		};
/* End PBXGroup section */

/* Begin PBXNativeTarget section */
		5C8C2E8B287EDC9B00E68583 /* Navigation */ = {
			isa = PBXNativeTarget;
			buildConfigurationList = 5C8C2EB6287EDC9E00E68583 /* Build configuration list for PBXNativeTarget "Navigation" */;
			buildPhases = (
				5C8C2E88287EDC9B00E68583 /* Sources */,
				5C8C2E89287EDC9B00E68583 /* Frameworks */,
				5C8C2E8A287EDC9B00E68583 /* Resources */,
			);
			buildRules = (
			);
			dependencies = (
			);
			name = Navigation;
			productName = Navigation;
			productReference = 5C8C2E8C287EDC9B00E68583 /* Navigation.app */;
			productType = "com.apple.product-type.application";
		};
		5C8C2EA1287EDC9E00E68583 /* NavigationTests */ = {
			isa = PBXNativeTarget;
			buildConfigurationList = 5C8C2EB9287EDC9E00E68583 /* Build configuration list for PBXNativeTarget "NavigationTests" */;
			buildPhases = (
				5C8C2E9E287EDC9E00E68583 /* Sources */,
				5C8C2E9F287EDC9E00E68583 /* Frameworks */,
				5C8C2EA0287EDC9E00E68583 /* Resources */,
			);
			buildRules = (
			);
			dependencies = (
				5C8C2EA4287EDC9E00E68583 /* PBXTargetDependency */,
			);
			name = NavigationTests;
			productName = NavigationTests;
			productReference = 5C8C2EA2287EDC9E00E68583 /* NavigationTests.xctest */;
			productType = "com.apple.product-type.bundle.unit-test";
		};
		5C8C2EAB287EDC9E00E68583 /* NavigationUITests */ = {
			isa = PBXNativeTarget;
			buildConfigurationList = 5C8C2EBC287EDC9E00E68583 /* Build configuration list for PBXNativeTarget "NavigationUITests" */;
			buildPhases = (
				5C8C2EA8287EDC9E00E68583 /* Sources */,
				5C8C2EA9287EDC9E00E68583 /* Frameworks */,
				5C8C2EAA287EDC9E00E68583 /* Resources */,
			);
			buildRules = (
			);
			dependencies = (
				5C8C2EAE287EDC9E00E68583 /* PBXTargetDependency */,
			);
			name = NavigationUITests;
			productName = NavigationUITests;
			productReference = 5C8C2EAC287EDC9E00E68583 /* NavigationUITests.xctest */;
			productType = "com.apple.product-type.bundle.ui-testing";
		};
/* End PBXNativeTarget section */

/* Begin PBXProject section */
		5C8C2E84287EDC9B00E68583 /* Project object */ = {
			isa = PBXProject;
			attributes = {
				BuildIndependentTargetsInParallel = 1;
				LastSwiftUpdateCheck = 1340;
				LastUpgradeCheck = 1340;
				TargetAttributes = {
					5C8C2E8B287EDC9B00E68583 = {
						CreatedOnToolsVersion = 13.4.1;
					};
					5C8C2EA1287EDC9E00E68583 = {
						CreatedOnToolsVersion = 13.4.1;
						TestTargetID = 5C8C2E8B287EDC9B00E68583;
					};
					5C8C2EAB287EDC9E00E68583 = {
						CreatedOnToolsVersion = 13.4.1;
						TestTargetID = 5C8C2E8B287EDC9B00E68583;
					};
				};
			};
			buildConfigurationList = 5C8C2E87287EDC9B00E68583 /* Build configuration list for PBXProject "Navigation" */;
			compatibilityVersion = "Xcode 13.0";
			developmentRegion = en;
			hasScannedForEncodings = 0;
			knownRegions = (
				en,
				Base,
			);
			mainGroup = 5C8C2E83287EDC9B00E68583;
			productRefGroup = 5C8C2E8D287EDC9B00E68583 /* Products */;
			projectDirPath = "";
			projectRoot = "";
			targets = (
				5C8C2E8B287EDC9B00E68583 /* Navigation */,
				5C8C2EA1287EDC9E00E68583 /* NavigationTests */,
				5C8C2EAB287EDC9E00E68583 /* NavigationUITests */,
			);
		};
/* End PBXProject section */

/* Begin PBXResourcesBuildPhase section */
		5C8C2E8A287EDC9B00E68583 /* Resources */ = {
			isa = PBXResourcesBuildPhase;
			buildActionMask = 2147483647;
			files = (
				5C8C2E9C287EDC9D00E68583 /* LaunchScreen.storyboard in Resources */,
				5C8C2E99287EDC9D00E68583 /* Assets.xcassets in Resources */,
			);
			runOnlyForDeploymentPostprocessing = 0;
		};
		5C8C2EA0287EDC9E00E68583 /* Resources */ = {
			isa = PBXResourcesBuildPhase;
			buildActionMask = 2147483647;
			files = (
			);
			runOnlyForDeploymentPostprocessing = 0;
		};
		5C8C2EAA287EDC9E00E68583 /* Resources */ = {
			isa = PBXResourcesBuildPhase;
			buildActionMask = 2147483647;
			files = (
			);
			runOnlyForDeploymentPostprocessing = 0;
		};
/* End PBXResourcesBuildPhase section */

/* Begin PBXSourcesBuildPhase section */
		5C8C2E88287EDC9B00E68583 /* Sources */ = {
			isa = PBXSourcesBuildPhase;
			buildActionMask = 2147483647;
			files = (
				5C8C2E94287EDC9B00E68583 /* ViewController.swift in Sources */,
				5C8C2E90287EDC9B00E68583 /* AppDelegate.swift in Sources */,
				5C1F953E2884F62A00673975 /* PostViewController.swift in Sources */,
				5CAD043128832DA50061A48B /* ProfileViewController.swift in Sources */,
				5CAD042F28832D940061A48B /* FeedViewController.swift in Sources */,
				5C77FAC628847EAD0044A0A1 /* Post.swift in Sources */,
				5C8C2E92287EDC9B00E68583 /* SceneDelegate.swift in Sources */,
			);
			runOnlyForDeploymentPostprocessing = 0;
		};
		5C8C2E9E287EDC9E00E68583 /* Sources */ = {
			isa = PBXSourcesBuildPhase;
			buildActionMask = 2147483647;
			files = (
				5C8C2EA7287EDC9E00E68583 /* NavigationTests.swift in Sources */,
			);
			runOnlyForDeploymentPostprocessing = 0;
		};
		5C8C2EA8287EDC9E00E68583 /* Sources */ = {
			isa = PBXSourcesBuildPhase;
			buildActionMask = 2147483647;
			files = (
				5C8C2EB3287EDC9E00E68583 /* NavigationUITestsLaunchTests.swift in Sources */,
				5C8C2EB1287EDC9E00E68583 /* NavigationUITests.swift in Sources */,
			);
			runOnlyForDeploymentPostprocessing = 0;
		};
/* End PBXSourcesBuildPhase section */

/* Begin PBXTargetDependency section */
		5C8C2EA4287EDC9E00E68583 /* PBXTargetDependency */ = {
			isa = PBXTargetDependency;
			target = 5C8C2E8B287EDC9B00E68583 /* Navigation */;
			targetProxy = 5C8C2EA3287EDC9E00E68583 /* PBXContainerItemProxy */;
		};
		5C8C2EAE287EDC9E00E68583 /* PBXTargetDependency */ = {
			isa = PBXTargetDependency;
			target = 5C8C2E8B287EDC9B00E68583 /* Navigation */;
			targetProxy = 5C8C2EAD287EDC9E00E68583 /* PBXContainerItemProxy */;
		};
/* End PBXTargetDependency section */

/* Begin PBXVariantGroup section */
		5C8C2E9A287EDC9D00E68583 /* LaunchScreen.storyboard */ = {
			isa = PBXVariantGroup;
			children = (
				5C8C2E9B287EDC9D00E68583 /* Base */,
			);
			name = LaunchScreen.storyboard;
			sourceTree = "<group>";
		};
/* End PBXVariantGroup section */

/* Begin XCBuildConfiguration section */
		5C8C2EB4287EDC9E00E68583 /* Debug */ = {
			isa = XCBuildConfiguration;
			buildSettings = {
				ALWAYS_SEARCH_USER_PATHS = NO;
				CLANG_ANALYZER_NONNULL = YES;
				CLANG_ANALYZER_NUMBER_OBJECT_CONVERSION = YES_AGGRESSIVE;
				CLANG_CXX_LANGUAGE_STANDARD = "gnu++17";
				CLANG_ENABLE_MODULES = YES;
				CLANG_ENABLE_OBJC_ARC = YES;
				CLANG_ENABLE_OBJC_WEAK = YES;
				CLANG_WARN_BLOCK_CAPTURE_AUTORELEASING = YES;
				CLANG_WARN_BOOL_CONVERSION = YES;
				CLANG_WARN_COMMA = YES;
				CLANG_WARN_CONSTANT_CONVERSION = YES;
				CLANG_WARN_DEPRECATED_OBJC_IMPLEMENTATIONS = YES;
				CLANG_WARN_DIRECT_OBJC_ISA_USAGE = YES_ERROR;
				CLANG_WARN_DOCUMENTATION_COMMENTS = YES;
				CLANG_WARN_EMPTY_BODY = YES;
				CLANG_WARN_ENUM_CONVERSION = YES;
				CLANG_WARN_INFINITE_RECURSION = YES;
				CLANG_WARN_INT_CONVERSION = YES;
				CLANG_WARN_NON_LITERAL_NULL_CONVERSION = YES;
				CLANG_WARN_OBJC_IMPLICIT_RETAIN_SELF = YES;
				CLANG_WARN_OBJC_LITERAL_CONVERSION = YES;
				CLANG_WARN_OBJC_ROOT_CLASS = YES_ERROR;
				CLANG_WARN_QUOTED_INCLUDE_IN_FRAMEWORK_HEADER = YES;
				CLANG_WARN_RANGE_LOOP_ANALYSIS = YES;
				CLANG_WARN_STRICT_PROTOTYPES = YES;
				CLANG_WARN_SUSPICIOUS_MOVE = YES;
				CLANG_WARN_UNGUARDED_AVAILABILITY = YES_AGGRESSIVE;
				CLANG_WARN_UNREACHABLE_CODE = YES;
				CLANG_WARN__DUPLICATE_METHOD_MATCH = YES;
				COPY_PHASE_STRIP = NO;
				DEBUG_INFORMATION_FORMAT = dwarf;
				ENABLE_STRICT_OBJC_MSGSEND = YES;
				ENABLE_TESTABILITY = YES;
				GCC_C_LANGUAGE_STANDARD = gnu11;
				GCC_DYNAMIC_NO_PIC = NO;
				GCC_NO_COMMON_BLOCKS = YES;
				GCC_OPTIMIZATION_LEVEL = 0;
				GCC_PREPROCESSOR_DEFINITIONS = (
					"DEBUG=1",
					"$(inherited)",
				);
				GCC_WARN_64_TO_32_BIT_CONVERSION = YES;
				GCC_WARN_ABOUT_RETURN_TYPE = YES_ERROR;
				GCC_WARN_UNDECLARED_SELECTOR = YES;
				GCC_WARN_UNINITIALIZED_AUTOS = YES_AGGRESSIVE;
				GCC_WARN_UNUSED_FUNCTION = YES;
				GCC_WARN_UNUSED_VARIABLE = YES;
				IPHONEOS_DEPLOYMENT_TARGET = 15.5;
				MTL_ENABLE_DEBUG_INFO = INCLUDE_SOURCE;
				MTL_FAST_MATH = YES;
				ONLY_ACTIVE_ARCH = YES;
				SDKROOT = iphoneos;
				SWIFT_ACTIVE_COMPILATION_CONDITIONS = DEBUG;
				SWIFT_OPTIMIZATION_LEVEL = "-Onone";
			};
			name = Debug;
		};
		5C8C2EB5287EDC9E00E68583 /* Release */ = {
			isa = XCBuildConfiguration;
			buildSettings = {
				ALWAYS_SEARCH_USER_PATHS = NO;
				CLANG_ANALYZER_NONNULL = YES;
				CLANG_ANALYZER_NUMBER_OBJECT_CONVERSION = YES_AGGRESSIVE;
				CLANG_CXX_LANGUAGE_STANDARD = "gnu++17";
				CLANG_ENABLE_MODULES = YES;
				CLANG_ENABLE_OBJC_ARC = YES;
				CLANG_ENABLE_OBJC_WEAK = YES;
				CLANG_WARN_BLOCK_CAPTURE_AUTORELEASING = YES;
				CLANG_WARN_BOOL_CONVERSION = YES;
				CLANG_WARN_COMMA = YES;
				CLANG_WARN_CONSTANT_CONVERSION = YES;
				CLANG_WARN_DEPRECATED_OBJC_IMPLEMENTATIONS = YES;
				CLANG_WARN_DIRECT_OBJC_ISA_USAGE = YES_ERROR;
				CLANG_WARN_DOCUMENTATION_COMMENTS = YES;
				CLANG_WARN_EMPTY_BODY = YES;
				CLANG_WARN_ENUM_CONVERSION = YES;
				CLANG_WARN_INFINITE_RECURSION = YES;
				CLANG_WARN_INT_CONVERSION = YES;
				CLANG_WARN_NON_LITERAL_NULL_CONVERSION = YES;
				CLANG_WARN_OBJC_IMPLICIT_RETAIN_SELF = YES;
				CLANG_WARN_OBJC_LITERAL_CONVERSION = YES;
				CLANG_WARN_OBJC_ROOT_CLASS = YES_ERROR;
				CLANG_WARN_QUOTED_INCLUDE_IN_FRAMEWORK_HEADER = YES;
				CLANG_WARN_RANGE_LOOP_ANALYSIS = YES;
				CLANG_WARN_STRICT_PROTOTYPES = YES;
				CLANG_WARN_SUSPICIOUS_MOVE = YES;
				CLANG_WARN_UNGUARDED_AVAILABILITY = YES_AGGRESSIVE;
				CLANG_WARN_UNREACHABLE_CODE = YES;
				CLANG_WARN__DUPLICATE_METHOD_MATCH = YES;
				COPY_PHASE_STRIP = NO;
				DEBUG_INFORMATION_FORMAT = "dwarf-with-dsym";
				ENABLE_NS_ASSERTIONS = NO;
				ENABLE_STRICT_OBJC_MSGSEND = YES;
				GCC_C_LANGUAGE_STANDARD = gnu11;
				GCC_NO_COMMON_BLOCKS = YES;
				GCC_WARN_64_TO_32_BIT_CONVERSION = YES;
				GCC_WARN_ABOUT_RETURN_TYPE = YES_ERROR;
				GCC_WARN_UNDECLARED_SELECTOR = YES;
				GCC_WARN_UNINITIALIZED_AUTOS = YES_AGGRESSIVE;
				GCC_WARN_UNUSED_FUNCTION = YES;
				GCC_WARN_UNUSED_VARIABLE = YES;
				IPHONEOS_DEPLOYMENT_TARGET = 15.5;
				MTL_ENABLE_DEBUG_INFO = NO;
				MTL_FAST_MATH = YES;
				SDKROOT = iphoneos;
				SWIFT_COMPILATION_MODE = wholemodule;
				SWIFT_OPTIMIZATION_LEVEL = "-O";
				VALIDATE_PRODUCT = YES;
			};
			name = Release;
		};
		5C8C2EB7287EDC9E00E68583 /* Debug */ = {
			isa = XCBuildConfiguration;
			buildSettings = {
				ASSETCATALOG_COMPILER_APPICON_NAME = AppIcon;
				ASSETCATALOG_COMPILER_GLOBAL_ACCENT_COLOR_NAME = AccentColor;
				CODE_SIGN_IDENTITY = "Apple Development";
				CODE_SIGN_STYLE = Automatic;
				CURRENT_PROJECT_VERSION = 1;
				DEVELOPMENT_TEAM = "";
				GENERATE_INFOPLIST_FILE = YES;
				INFOPLIST_FILE = Navigation/Info.plist;
				INFOPLIST_KEY_UIApplicationSupportsIndirectInputEvents = YES;
				INFOPLIST_KEY_UILaunchStoryboardName = LaunchScreen;
				INFOPLIST_KEY_UISupportedInterfaceOrientations_iPad = "UIInterfaceOrientationPortrait UIInterfaceOrientationPortraitUpsideDown UIInterfaceOrientationLandscapeLeft UIInterfaceOrientationLandscapeRight";
				INFOPLIST_KEY_UISupportedInterfaceOrientations_iPhone = "UIInterfaceOrientationPortrait UIInterfaceOrientationLandscapeLeft UIInterfaceOrientationLandscapeRight";
				LD_RUNPATH_SEARCH_PATHS = (
					"$(inherited)",
					"@executable_path/Frameworks",
				);
				MARKETING_VERSION = 1.0;
				PRODUCT_BUNDLE_IDENTIFIER = poletaevart.Navigation;
				PRODUCT_NAME = "$(TARGET_NAME)";
				PROVISIONING_PROFILE_SPECIFIER = "";
				SWIFT_EMIT_LOC_STRINGS = YES;
				SWIFT_VERSION = 5.0;
				TARGETED_DEVICE_FAMILY = "1,2";
			};
			name = Debug;
		};
		5C8C2EB8287EDC9E00E68583 /* Release */ = {
			isa = XCBuildConfiguration;
			buildSettings = {
				ASSETCATALOG_COMPILER_APPICON_NAME = AppIcon;
				ASSETCATALOG_COMPILER_GLOBAL_ACCENT_COLOR_NAME = AccentColor;
				CODE_SIGN_IDENTITY = "Apple Development";
				CODE_SIGN_STYLE = Automatic;
				CURRENT_PROJECT_VERSION = 1;
				DEVELOPMENT_TEAM = "";
				GENERATE_INFOPLIST_FILE = YES;
				INFOPLIST_FILE = Navigation/Info.plist;
				INFOPLIST_KEY_UIApplicationSupportsIndirectInputEvents = YES;
				INFOPLIST_KEY_UILaunchStoryboardName = LaunchScreen;
				INFOPLIST_KEY_UISupportedInterfaceOrientations_iPad = "UIInterfaceOrientationPortrait UIInterfaceOrientationPortraitUpsideDown UIInterfaceOrientationLandscapeLeft UIInterfaceOrientationLandscapeRight";
				INFOPLIST_KEY_UISupportedInterfaceOrientations_iPhone = "UIInterfaceOrientationPortrait UIInterfaceOrientationLandscapeLeft UIInterfaceOrientationLandscapeRight";
				LD_RUNPATH_SEARCH_PATHS = (
					"$(inherited)",
					"@executable_path/Frameworks",
				);
				MARKETING_VERSION = 1.0;
				PRODUCT_BUNDLE_IDENTIFIER = poletaevart.Navigation;
				PRODUCT_NAME = "$(TARGET_NAME)";
				PROVISIONING_PROFILE_SPECIFIER = "";
				SWIFT_EMIT_LOC_STRINGS = YES;
				SWIFT_VERSION = 5.0;
				TARGETED_DEVICE_FAMILY = "1,2";
			};
			name = Release;
		};
		5C8C2EBA287EDC9E00E68583 /* Debug */ = {
			isa = XCBuildConfiguration;
			buildSettings = {
				ALWAYS_EMBED_SWIFT_STANDARD_LIBRARIES = YES;
				BUNDLE_LOADER = "$(TEST_HOST)";
				CODE_SIGN_STYLE = Automatic;
				CURRENT_PROJECT_VERSION = 1;
				GENERATE_INFOPLIST_FILE = YES;
				IPHONEOS_DEPLOYMENT_TARGET = 15.5;
				MARKETING_VERSION = 1.0;
				PRODUCT_BUNDLE_IDENTIFIER = poletaevart.NavigationTests;
				PRODUCT_NAME = "$(TARGET_NAME)";
				SWIFT_EMIT_LOC_STRINGS = NO;
				SWIFT_VERSION = 5.0;
				TARGETED_DEVICE_FAMILY = "1,2";
				TEST_HOST = "$(BUILT_PRODUCTS_DIR)/Navigation.app/Navigation";
			};
			name = Debug;
		};
		5C8C2EBB287EDC9E00E68583 /* Release */ = {
			isa = XCBuildConfiguration;
			buildSettings = {
				ALWAYS_EMBED_SWIFT_STANDARD_LIBRARIES = YES;
				BUNDLE_LOADER = "$(TEST_HOST)";
				CODE_SIGN_STYLE = Automatic;
				CURRENT_PROJECT_VERSION = 1;
				GENERATE_INFOPLIST_FILE = YES;
				IPHONEOS_DEPLOYMENT_TARGET = 15.5;
				MARKETING_VERSION = 1.0;
				PRODUCT_BUNDLE_IDENTIFIER = poletaevart.NavigationTests;
				PRODUCT_NAME = "$(TARGET_NAME)";
				SWIFT_EMIT_LOC_STRINGS = NO;
				SWIFT_VERSION = 5.0;
				TARGETED_DEVICE_FAMILY = "1,2";
				TEST_HOST = "$(BUILT_PRODUCTS_DIR)/Navigation.app/Navigation";
			};
			name = Release;
		};
		5C8C2EBD287EDC9E00E68583 /* Debug */ = {
			isa = XCBuildConfiguration;
			buildSettings = {
				ALWAYS_EMBED_SWIFT_STANDARD_LIBRARIES = YES;
				CODE_SIGN_STYLE = Automatic;
				CURRENT_PROJECT_VERSION = 1;
				GENERATE_INFOPLIST_FILE = YES;
				MARKETING_VERSION = 1.0;
				PRODUCT_BUNDLE_IDENTIFIER = poletaevart.NavigationUITests;
				PRODUCT_NAME = "$(TARGET_NAME)";
				SWIFT_EMIT_LOC_STRINGS = NO;
				SWIFT_VERSION = 5.0;
				TARGETED_DEVICE_FAMILY = "1,2";
				TEST_TARGET_NAME = Navigation;
			};
			name = Debug;
		};
		5C8C2EBE287EDC9E00E68583 /* Release */ = {
			isa = XCBuildConfiguration;
			buildSettings = {
				ALWAYS_EMBED_SWIFT_STANDARD_LIBRARIES = YES;
				CODE_SIGN_STYLE = Automatic;
				CURRENT_PROJECT_VERSION = 1;
				GENERATE_INFOPLIST_FILE = YES;
				MARKETING_VERSION = 1.0;
				PRODUCT_BUNDLE_IDENTIFIER = poletaevart.NavigationUITests;
				PRODUCT_NAME = "$(TARGET_NAME)";
				SWIFT_EMIT_LOC_STRINGS = NO;
				SWIFT_VERSION = 5.0;
				TARGETED_DEVICE_FAMILY = "1,2";
				TEST_TARGET_NAME = Navigation;
			};
			name = Release;
		};
/* End XCBuildConfiguration section */

/* Begin XCConfigurationList section */
		5C8C2E87287EDC9B00E68583 /* Build configuration list for PBXProject "Navigation" */ = {
			isa = XCConfigurationList;
			buildConfigurations = (
				5C8C2EB4287EDC9E00E68583 /* Debug */,
				5C8C2EB5287EDC9E00E68583 /* Release */,
			);
			defaultConfigurationIsVisible = 0;
			defaultConfigurationName = Release;
		};
		5C8C2EB6287EDC9E00E68583 /* Build configuration list for PBXNativeTarget "Navigation" */ = {
			isa = XCConfigurationList;
			buildConfigurations = (
				5C8C2EB7287EDC9E00E68583 /* Debug */,
				5C8C2EB8287EDC9E00E68583 /* Release */,
			);
			defaultConfigurationIsVisible = 0;
			defaultConfigurationName = Release;
		};
		5C8C2EB9287EDC9E00E68583 /* Build configuration list for PBXNativeTarget "NavigationTests" */ = {
			isa = XCConfigurationList;
			buildConfigurations = (
				5C8C2EBA287EDC9E00E68583 /* Debug */,
				5C8C2EBB287EDC9E00E68583 /* Release */,
			);
			defaultConfigurationIsVisible = 0;
			defaultConfigurationName = Release;
		};
		5C8C2EBC287EDC9E00E68583 /* Build configuration list for PBXNativeTarget "NavigationUITests" */ = {
			isa = XCConfigurationList;
			buildConfigurations = (
				5C8C2EBD287EDC9E00E68583 /* Debug */,
				5C8C2EBE287EDC9E00E68583 /* Release */,
			);
			defaultConfigurationIsVisible = 0;
			defaultConfigurationName = Release;
		};
/* End XCConfigurationList section */
	};
	rootObject = 5C8C2E84287EDC9B00E68583 /* Project object */;
}
